{
  "nodes": {
    "kvitable": {
      "inputs": {
        "levers": [
          "tasty-sugar",
          "levers"
        ],
        "named-text": "named-text",
        "nixpkgs": [
          "tasty-sugar",
          "nixpkgs"
        ],
        "parameterized-utils-src": [
          "tasty-sugar",
          "parameterized-utils-src"
        ],
        "sayable": "sayable"
      },
      "locked": {
        "lastModified": 1761569163,
        "narHash": "sha256-YIolR0eUu9OBVDgz2ApjK+lyxqt9p4IRb3i2IoeQ/y0=",
        "owner": "kquick",
        "repo": "kvitable",
        "rev": "06e005e28c725cd0eb042978c3a541e32a6d503b",
        "type": "github"
      },
      "original": {
        "owner": "kquick",
        "repo": "kvitable",
        "type": "github"
      }
    },
    "levers": {
      "inputs": {
        "nixpkgs": [
          "nixpkgs"
        ]
      },
      "locked": {
        "lastModified": 1761565563,
        "narHash": "sha256-zDY31Ux4MTtPT2DrnAybo3SUhMjvlYbB74Diy5mi6J8=",
        "owner": "kquick",
        "repo": "nix-levers",
        "rev": "7917e3da83956b8b525957f9c4ff643903880c61",
        "type": "github"
      },
      "original": {
        "owner": "kquick",
        "repo": "nix-levers",
        "type": "github"
      }
    },
    "llvm-pretty-src": {
      "flake": false,
      "locked": {
        "lastModified": 1762955945,
        "narHash": "sha256-lUwFcLS0jnUf7tKlKZEHWw0TXkY1Gsd4KXB8hZy+eqM=",
        "owner": "GaloisInc",
        "repo": "llvm-pretty",
        "rev": "b010b17400fedcb59817f65160c27c978cffb2e2",
        "type": "github"
      },
      "original": {
        "owner": "GaloisInc",
        "repo": "llvm-pretty",
        "type": "github"
      }
    },
    "named-text": {
      "inputs": {
        "levers": [
          "tasty-sugar",
          "kvitable",
          "levers"
        ],
        "nixpkgs": [
          "tasty-sugar",
          "kvitable",
          "nixpkgs"
        ],
        "parameterized-utils-src": [
          "tasty-sugar",
          "kvitable",
          "parameterized-utils-src"
        ],
        "sayable": [
          "tasty-sugar",
          "kvitable",
          "sayable"
        ],
        "tasty-checklist": "tasty-checklist"
      },
      "locked": {
        "lastModified": 1761568612,
        "narHash": "sha256-P+RiNpGtLJWHi71eG0JKDe51NW7xVniYw2m3QQlzZbg=",
        "owner": "kquick",
        "repo": "named-text",
        "rev": "b81ae5d33fcba3282ddc1e82d95ce300bb7e6215",
        "type": "github"
      },
      "original": {
        "owner": "kquick",
        "repo": "named-text",
        "type": "github"
      }
    },
    "nixpkgs": {
      "locked": {
        "lastModified": 1761440988,
        "narHash": "sha256-2qsow3cQIgZB2g8Cy8cW+L9eXDHP6a1PsvOschk5y+E=",
        "owner": "nixos",
        "repo": "nixpkgs",
        "rev": "de69d2ba6c70e747320df9c096523b623d3a4c35",
        "type": "github"
      },
      "original": {
        "owner": "nixos",
        "ref": "nixpkgs-unstable",
        "repo": "nixpkgs",
        "type": "github"
      }
    },
    "nixpkgs_mid_llvm": {
      "locked": {
        "lastModified": 1748026580,
        "narHash": "sha256-rWtXrcIzU5wm/C8F9LWvUfBGu5U5E7cFzPYT1pHIJaQ=",
        "owner": "nixos",
        "repo": "nixpkgs",
        "rev": "11cb3517b3af6af300dd6c055aeda73c9bf52c48",
        "type": "github"
      },
      "original": {
        "owner": "nixos",
        "ref": "25.05",
        "repo": "nixpkgs",
        "type": "github"
      }
    },
    "nixpkgs_old_llvm": {
      "locked": {
        "lastModified": 1685566663,
        "narHash": "sha256-btHN1czJ6rzteeCuE/PNrdssqYD2nIA4w48miQAFloM=",
        "owner": "nixos",
        "repo": "nixpkgs",
        "rev": "4ecab3273592f27479a583fb6d975d4aba3486fe",
        "type": "github"
      },
      "original": {
        "owner": "nixos",
        "ref": "23.05",
        "repo": "nixpkgs",
        "type": "github"
      }
    },
    "parameterized-utils-src": {
      "flake": false,
      "locked": {
        "lastModified": 1757597308,
        "narHash": "sha256-fwZLglQthgfdd/MvCU1b6zpGHTpYPVVxnd85Yvd6gH4=",
        "owner": "GaloisInc",
        "repo": "parameterized-utils",
        "rev": "ebd59241828a97e06af6f8eeead0968a90108256",
        "type": "github"
      },
      "original": {
        "owner": "GaloisInc",
        "repo": "parameterized-utils",
        "type": "github"
      }
    },
    "root": {
      "inputs": {
        "levers": "levers",
        "llvm-pretty-src": "llvm-pretty-src",
        "nixpkgs": "nixpkgs",
        "nixpkgs_mid_llvm": "nixpkgs_mid_llvm",
        "nixpkgs_old_llvm": "nixpkgs_old_llvm",
        "tasty-sugar": "tasty-sugar"
      }
    },
    "sayable": {
      "inputs": {
        "levers": [
          "tasty-sugar",
          "kvitable",
          "levers"
        ],
        "nixpkgs": [
          "tasty-sugar",
          "kvitable",
          "nixpkgs"
        ]
      },
      "locked": {
        "lastModified": 1761567940,
        "narHash": "sha256-hXMp9WDETIUjlMiIj6m4cL1PFCK4MzJ/R5iKFw7w/SY=",
        "owner": "kquick",
        "repo": "sayable",
        "rev": "959a2ab74378c5c5da932164eb46726be7ca531d",
        "type": "github"
      },
      "original": {
        "owner": "kquick",
        "repo": "sayable",
        "type": "github"
      }
    },
    "tasty-checklist": {
      "inputs": {
        "levers": [
          "tasty-sugar",
          "kvitable",
          "named-text",
          "levers"
        ],
        "nixpkgs": [
          "tasty-sugar",
          "kvitable",
          "named-text",
          "nixpkgs"
        ],
        "parameterized-utils-src": [
          "tasty-sugar",
          "kvitable",
          "named-text",
          "parameterized-utils-src"
        ]
      },
      "locked": {
        "lastModified": 1761568218,
        "narHash": "sha256-9Qgmzeq25XeysQs/7U9nTfmRO4H3cuAueR9TWv40viw=",
        "owner": "kquick",
        "repo": "tasty-checklist",
        "rev": "1022211d94f9713c4c87327a1a008d19955d03b9",
        "type": "github"
      },
      "original": {
        "owner": "kquick",
        "repo": "tasty-checklist",
        "type": "github"
      }
    },
    "tasty-sugar": {
      "inputs": {
        "kvitable": "kvitable",
        "levers": [
          "levers"
        ],
        "nixpkgs": [
          "nixpkgs"
        ],
        "parameterized-utils-src": "parameterized-utils-src"
      },
      "locked": {
        "lastModified": 1761569657,
        "narHash": "sha256-U7iKjGvdhvsWrUgmoLaJMRgPm+mcnhipN0yVICx/5DY=",
        "owner": "kquick",
        "repo": "tasty-sugar",
        "rev": "8f582e247b6df6eef91260b30c18711c26678b29",
        "type": "github"
      },
      "original": {
        "owner": "kquick",
        "repo": "tasty-sugar",
        "type": "github"
      }
    }
  },
  "root": "root",
  "version": 7
}
