{
  "nodes": {
    "html-parse-src": {
      "flake": false,
      "locked": {
        "lastModified": 1744939271,
        "narHash": "sha256-GelrzfOjFyRCqoGbxra6R+2INsIPpoL/YlyOg2jL4Gc=",
        "owner": "bgamari",
        "repo": "html-parse",
        "rev": "bd354c36586406efbedf67650dbf17b57bec53ef",
        "type": "github"
      },
      "original": {
        "owner": "bgamari",
        "repo": "html-parse",
        "type": "github"
      }
    },
    "kvitable": {
      "inputs": {
        "html-parse-src": "html-parse-src",
        "levers": [
          "tasty-sugar",
          "levers"
        ],
        "named-text": "named-text",
        "nixpkgs": [
          "tasty-sugar",
          "nixpkgs"
        ],
        "parameterized-utils-src": [
          "tasty-sugar",
          "parameterized-utils-src"
        ],
        "sayable": "sayable"
      },
      "locked": {
        "lastModified": 1765765598,
        "narHash": "sha256-yqoro6ik5YUsX2TRXvo1baWqzerlhULo31wXQZD0Uiw=",
        "owner": "kquick",
        "repo": "kvitable",
        "rev": "e396c726bbc97dd26856ee0241f068192dbdfd22",
        "type": "github"
      },
      "original": {
        "owner": "kquick",
        "repo": "kvitable",
        "type": "github"
      }
    },
    "levers": {
      "inputs": {
        "nixpkgs": [
          "nixpkgs"
        ]
      },
      "locked": {
        "lastModified": 1765117877,
        "narHash": "sha256-Fzy3US4MdP/gAre2N0Dn4Dz+RirWVPfPO8VPNbsIjj0=",
        "owner": "kquick",
        "repo": "nix-levers",
        "rev": "d4ffbdf56387ee5ffb6ae3aed176f37f56769948",
        "type": "github"
      },
      "original": {
        "owner": "kquick",
        "repo": "nix-levers",
        "type": "github"
      }
    },
    "llvm-pretty-src": {
      "flake": false,
      "locked": {
        "lastModified": 1772025934,
        "narHash": "sha256-yszvaJ1LJTbAwSQ6Tz3aRkS7wSXj3SnyXjYlfeeYNYs=",
        "owner": "GaloisInc",
        "repo": "llvm-pretty",
        "rev": "298295e1b9d3be0497bba7c7b2e756cec4865808",
        "type": "github"
      },
      "original": {
        "owner": "GaloisInc",
        "repo": "llvm-pretty",
        "type": "github"
      }
    },
    "named-text": {
      "inputs": {
        "levers": [
          "tasty-sugar",
          "kvitable",
          "levers"
        ],
        "nixpkgs": [
          "tasty-sugar",
          "kvitable",
          "nixpkgs"
        ],
        "parameterized-utils-src": [
          "tasty-sugar",
          "kvitable",
          "parameterized-utils-src"
        ],
        "sayable": [
          "tasty-sugar",
          "kvitable",
          "sayable"
        ],
        "tasty-checklist": "tasty-checklist"
      },
      "locked": {
        "lastModified": 1762020526,
        "narHash": "sha256-qJtsumG/PXydYQnDjaUckR5RyWjzl9kkrX5SehEvxLg=",
        "owner": "kquick",
        "repo": "named-text",
        "rev": "574862c6c8696c12bee616913626ea4e3b0c61a7",
        "type": "github"
      },
      "original": {
        "owner": "kquick",
        "repo": "named-text",
        "type": "github"
      }
    },
    "nixpkgs": {
      "locked": {
        "lastModified": 1771923393,
        "narHash": "sha256-Fy0+UXELv9hOE8WjYhJt8fMDLYTU2Dqn3cX4BwoGBos=",
        "owner": "nixos",
        "repo": "nixpkgs",
        "rev": "ea7f1f06811ce7fcc81d6c6fd4213150c23edcf2",
        "type": "github"
      },
      "original": {
        "owner": "nixos",
        "ref": "nixpkgs-unstable",
        "repo": "nixpkgs",
        "type": "github"
      }
    },
    "nixpkgs_mid_llvm": {
      "locked": {
        "lastModified": 1748026580,
        "narHash": "sha256-rWtXrcIzU5wm/C8F9LWvUfBGu5U5E7cFzPYT1pHIJaQ=",
        "owner": "nixos",
        "repo": "nixpkgs",
        "rev": "11cb3517b3af6af300dd6c055aeda73c9bf52c48",
        "type": "github"
      },
      "original": {
        "owner": "nixos",
        "ref": "25.05",
        "repo": "nixpkgs",
        "type": "github"
      }
    },
    "nixpkgs_old_llvm": {
      "locked": {
        "lastModified": 1685566663,
        "narHash": "sha256-btHN1czJ6rzteeCuE/PNrdssqYD2nIA4w48miQAFloM=",
        "owner": "nixos",
        "repo": "nixpkgs",
        "rev": "4ecab3273592f27479a583fb6d975d4aba3486fe",
        "type": "github"
      },
      "original": {
        "owner": "nixos",
        "ref": "23.05",
        "repo": "nixpkgs",
        "type": "github"
      }
    },
    "parameterized-utils-src": {
      "flake": false,
      "locked": {
        "lastModified": 1757597308,
        "narHash": "sha256-fwZLglQthgfdd/MvCU1b6zpGHTpYPVVxnd85Yvd6gH4=",
        "owner": "GaloisInc",
        "repo": "parameterized-utils",
        "rev": "ebd59241828a97e06af6f8eeead0968a90108256",
        "type": "github"
      },
      "original": {
        "owner": "GaloisInc",
        "repo": "parameterized-utils",
        "type": "github"
      }
    },
    "root": {
      "inputs": {
        "levers": "levers",
        "llvm-pretty-src": "llvm-pretty-src",
        "nixpkgs": "nixpkgs",
        "nixpkgs_mid_llvm": "nixpkgs_mid_llvm",
        "nixpkgs_old_llvm": "nixpkgs_old_llvm",
        "tasty-sugar": "tasty-sugar"
      }
    },
    "sayable": {
      "inputs": {
        "levers": [
          "tasty-sugar",
          "kvitable",
          "levers"
        ],
        "nixpkgs": [
          "tasty-sugar",
          "kvitable",
          "nixpkgs"
        ]
      },
      "locked": {
        "lastModified": 1762015650,
        "narHash": "sha256-WF4ME1iNNpuD8lT+HyPBaL4GXfjQK3n4v4k/XyYytFQ=",
        "owner": "kquick",
        "repo": "sayable",
        "rev": "251b6533971a5395fdb42d3d23df601b957a80a2",
        "type": "github"
      },
      "original": {
        "owner": "kquick",
        "repo": "sayable",
        "type": "github"
      }
    },
    "tasty-checklist": {
      "inputs": {
        "levers": [
          "tasty-sugar",
          "kvitable",
          "named-text",
          "levers"
        ],
        "nixpkgs": [
          "tasty-sugar",
          "kvitable",
          "named-text",
          "nixpkgs"
        ],
        "parameterized-utils-src": [
          "tasty-sugar",
          "kvitable",
          "named-text",
          "parameterized-utils-src"
        ]
      },
      "locked": {
        "lastModified": 1761568218,
        "narHash": "sha256-9Qgmzeq25XeysQs/7U9nTfmRO4H3cuAueR9TWv40viw=",
        "owner": "kquick",
        "repo": "tasty-checklist",
        "rev": "1022211d94f9713c4c87327a1a008d19955d03b9",
        "type": "github"
      },
      "original": {
        "owner": "kquick",
        "repo": "tasty-checklist",
        "type": "github"
      }
    },
    "tasty-sugar": {
      "inputs": {
        "kvitable": "kvitable",
        "levers": [
          "levers"
        ],
        "nixpkgs": [
          "nixpkgs"
        ],
        "parameterized-utils-src": "parameterized-utils-src"
      },
      "locked": {
        "lastModified": 1765804006,
        "narHash": "sha256-BRcXY7iG8Qfg6hgGiVsJaBAZGGpxIh4BZJLzlftHHKg=",
        "owner": "kquick",
        "repo": "tasty-sugar",
        "rev": "a832add6565822907b6a38d2cfdcb875b846658c",
        "type": "github"
      },
      "original": {
        "owner": "kquick",
        "repo": "tasty-sugar",
        "type": "github"
      }
    }
  },
  "root": "root",
  "version": 7
}
